
Microsoft Visual Studio Solution File, Format Version 12.00
# Visual Studio Version 17
VisualStudioVersion = 17.0.31903.59
MinimumVisualStudioVersion = 10.0.40219.1
Project("{9A19103F-16F7-4668-BE54-9A1E7A4F7556}") = "BuildingManagerApi", "BuildingManagerApi\BuildingManagerApi.csproj", "{3B9D3D44-6E1E-4021-AD16-1B93B8282DAB}"
EndProject
Project("{9A19103F-16F7-4668-BE54-9A1E7A4F7556}") = "BuildingManagerApiTest", "BuildingManagerApiTest\BuildingManagerApiTest.csproj", "{09471835-DA6A-4119-974B-CC1C2EE6A505}"
EndProject
Project("{FAE04EC0-301F-11D3-BF4B-00C04F79EFBC}") = "BuildingManagerILogic", "BuildingManagerILogic\BuildingManagerILogic.csproj", "{6BB93EB8-4315-4575-BBA0-069B6C6531D3}"
EndProject
Project("{FAE04EC0-301F-11D3-BF4B-00C04F79EFBC}") = "BuildingManagerDomain", "BuildingManagerDomain\BuildingManagerDomain.csproj", "{72C40B2B-1AA9-4260-BF0A-2636CB4921B1}"
EndProject
Project("{FAE04EC0-301F-11D3-BF4B-00C04F79EFBC}") = "BuildingManagerModels", "BuildingManagerModels\BuildingManagerModels.csproj", "{3654A562-BE01-4AB7-BC5E-A669DD1518AB}"
EndProject
Project("{9A19103F-16F7-4668-BE54-9A1E7A4F7556}") = "BuildingManagerDomainTest", "BuildingManagerDomainTest\BuildingManagerDomainTest.csproj", "{593A3950-F867-4146-96F1-F36D100077EB}"
EndProject
Project("{FAE04EC0-301F-11D3-BF4B-00C04F79EFBC}") = "BuildingManagerLogic", "BuildingManagerLogic\BuildingManagerLogic.csproj", "{EA8DFFC8-28CE-44C1-9360-3946EC8F0530}"
EndProject
Project("{FAE04EC0-301F-11D3-BF4B-00C04F79EFBC}") = "BuildingManagerIDataAccess", "BuildingManagerIDataAccess\BuildingManagerIDataAccess.csproj", "{8E60E332-954E-4573-9DF9-C169CE3C3D5E}"
EndProject
Project("{9A19103F-16F7-4668-BE54-9A1E7A4F7556}") = "BuildingManagerLogicTest", "BuildingManagerLogicTest\BuildingManagerLogicTest.csproj", "{5B2E724B-B1FB-4294-9D6A-87EF153DD90C}"
EndProject
Project("{9A19103F-16F7-4668-BE54-9A1E7A4F7556}") = "BuildingManagerDataAccessTest", "BuildingManagerDataAccessTest\BuildingManagerDataAccessTest.csproj", "{FA0EA4CB-7284-4BE7-8075-5A6346834123}"
EndProject
Project("{9A19103F-16F7-4668-BE54-9A1E7A4F7556}") = "BuildingManagerDataAccess", "BuildingManagerDataAccess\BuildingManagerDataAccess.csproj", "{466ADB50-56FD-4400-8B1D-7826041212E9}"
EndProject
Project("{9A19103F-16F7-4668-BE54-9A1E7A4F7556}") = "BuildingManagerServiceFactory", "BuildingManagerServiceFactory\BuildingManagerServiceFactory.csproj", "{864D5423-F0FC-4BE6-BBAB-C3C4CA42E5EB}"
EndProject
Project("{9A19103F-16F7-4668-BE54-9A1E7A4F7556}") = "JsonImporterTest", "JsonImporterTest\JsonImporterTest.csproj", "{FB52D785-76F8-4F8E-B755-CB6A137694C0}"
EndProject
Project("{9A19103F-16F7-4668-BE54-9A1E7A4F7556}") = "JsonImporter", "JsonImporter\JsonImporter.csproj", "{CC283D17-741A-4E8C-B8D5-F5B65C94D808}"
EndProject
Project("{9A19103F-16F7-4668-BE54-9A1E7A4F7556}") = "BuildingManagerIImporter", "BuildingManagerIImporter\BuildingManagerIImporter.csproj", "{DCD5ED88-0856-4BCE-B630-53A0E4BC00E5}"
EndProject
Project("{FAE04EC0-301F-11D3-BF4B-00C04F79EFBC}") = "BuildingManagerIImporterTest", "BuildingManagerIImporterTest\BuildingManagerIImporterTest.csproj", "{D5BCCFD6-CCAD-43E4-9877-2A25D559D87D}"
EndProject
Project("{FAE04EC0-301F-11D3-BF4B-00C04F79EFBC}") = "XmlImporter", "XmlImporter\XmlImporter.csproj", "{90EA64F3-63A7-44AB-A348-DA1732228733}"
EndProject
Global
	GlobalSection(SolutionConfigurationPlatforms) = preSolution
		Debug|Any CPU = Debug|Any CPU
		Release|Any CPU = Release|Any CPU
	EndGlobalSection
	GlobalSection(ProjectConfigurationPlatforms) = postSolution
		{3B9D3D44-6E1E-4021-AD16-1B93B8282DAB}.Debug|Any CPU.ActiveCfg = Debug|Any CPU
		{3B9D3D44-6E1E-4021-AD16-1B93B8282DAB}.Debug|Any CPU.Build.0 = Debug|Any CPU
		{3B9D3D44-6E1E-4021-AD16-1B93B8282DAB}.Release|Any CPU.ActiveCfg = Release|Any CPU
		{3B9D3D44-6E1E-4021-AD16-1B93B8282DAB}.Release|Any CPU.Build.0 = Release|Any CPU
		{09471835-DA6A-4119-974B-CC1C2EE6A505}.Debug|Any CPU.ActiveCfg = Debug|Any CPU
		{09471835-DA6A-4119-974B-CC1C2EE6A505}.Debug|Any CPU.Build.0 = Debug|Any CPU
		{09471835-DA6A-4119-974B-CC1C2EE6A505}.Release|Any CPU.ActiveCfg = Release|Any CPU
		{09471835-DA6A-4119-974B-CC1C2EE6A505}.Release|Any CPU.Build.0 = Release|Any CPU
		{6BB93EB8-4315-4575-BBA0-069B6C6531D3}.Debug|Any CPU.ActiveCfg = Debug|Any CPU
		{6BB93EB8-4315-4575-BBA0-069B6C6531D3}.Debug|Any CPU.Build.0 = Debug|Any CPU
		{6BB93EB8-4315-4575-BBA0-069B6C6531D3}.Release|Any CPU.ActiveCfg = Release|Any CPU
		{6BB93EB8-4315-4575-BBA0-069B6C6531D3}.Release|Any CPU.Build.0 = Release|Any CPU
		{72C40B2B-1AA9-4260-BF0A-2636CB4921B1}.Debug|Any CPU.ActiveCfg = Debug|Any CPU
		{72C40B2B-1AA9-4260-BF0A-2636CB4921B1}.Debug|Any CPU.Build.0 = Debug|Any CPU
		{72C40B2B-1AA9-4260-BF0A-2636CB4921B1}.Release|Any CPU.ActiveCfg = Release|Any CPU
		{72C40B2B-1AA9-4260-BF0A-2636CB4921B1}.Release|Any CPU.Build.0 = Release|Any CPU
		{3654A562-BE01-4AB7-BC5E-A669DD1518AB}.Debug|Any CPU.ActiveCfg = Debug|Any CPU
		{3654A562-BE01-4AB7-BC5E-A669DD1518AB}.Debug|Any CPU.Build.0 = Debug|Any CPU
		{3654A562-BE01-4AB7-BC5E-A669DD1518AB}.Release|Any CPU.ActiveCfg = Release|Any CPU
		{3654A562-BE01-4AB7-BC5E-A669DD1518AB}.Release|Any CPU.Build.0 = Release|Any CPU
		{593A3950-F867-4146-96F1-F36D100077EB}.Debug|Any CPU.ActiveCfg = Debug|Any CPU
		{593A3950-F867-4146-96F1-F36D100077EB}.Debug|Any CPU.Build.0 = Debug|Any CPU
		{593A3950-F867-4146-96F1-F36D100077EB}.Release|Any CPU.ActiveCfg = Release|Any CPU
		{593A3950-F867-4146-96F1-F36D100077EB}.Release|Any CPU.Build.0 = Release|Any CPU
		{EA8DFFC8-28CE-44C1-9360-3946EC8F0530}.Debug|Any CPU.ActiveCfg = Debug|Any CPU
		{EA8DFFC8-28CE-44C1-9360-3946EC8F0530}.Debug|Any CPU.Build.0 = Debug|Any CPU
		{EA8DFFC8-28CE-44C1-9360-3946EC8F0530}.Release|Any CPU.ActiveCfg = Release|Any CPU
		{EA8DFFC8-28CE-44C1-9360-3946EC8F0530}.Release|Any CPU.Build.0 = Release|Any CPU
		{8E60E332-954E-4573-9DF9-C169CE3C3D5E}.Debug|Any CPU.ActiveCfg = Debug|Any CPU
		{8E60E332-954E-4573-9DF9-C169CE3C3D5E}.Debug|Any CPU.Build.0 = Debug|Any CPU
		{8E60E332-954E-4573-9DF9-C169CE3C3D5E}.Release|Any CPU.ActiveCfg = Release|Any CPU
		{8E60E332-954E-4573-9DF9-C169CE3C3D5E}.Release|Any CPU.Build.0 = Release|Any CPU
		{5B2E724B-B1FB-4294-9D6A-87EF153DD90C}.Debug|Any CPU.ActiveCfg = Debug|Any CPU
		{5B2E724B-B1FB-4294-9D6A-87EF153DD90C}.Debug|Any CPU.Build.0 = Debug|Any CPU
		{5B2E724B-B1FB-4294-9D6A-87EF153DD90C}.Release|Any CPU.ActiveCfg = Release|Any CPU
		{5B2E724B-B1FB-4294-9D6A-87EF153DD90C}.Release|Any CPU.Build.0 = Release|Any CPU
		{FA0EA4CB-7284-4BE7-8075-5A6346834123}.Debug|Any CPU.ActiveCfg = Debug|Any CPU
		{FA0EA4CB-7284-4BE7-8075-5A6346834123}.Debug|Any CPU.Build.0 = Debug|Any CPU
		{FA0EA4CB-7284-4BE7-8075-5A6346834123}.Release|Any CPU.ActiveCfg = Release|Any CPU
		{FA0EA4CB-7284-4BE7-8075-5A6346834123}.Release|Any CPU.Build.0 = Release|Any CPU
		{466ADB50-56FD-4400-8B1D-7826041212E9}.Debug|Any CPU.ActiveCfg = Debug|Any CPU
		{466ADB50-56FD-4400-8B1D-7826041212E9}.Debug|Any CPU.Build.0 = Debug|Any CPU
		{466ADB50-56FD-4400-8B1D-7826041212E9}.Release|Any CPU.ActiveCfg = Release|Any CPU
		{466ADB50-56FD-4400-8B1D-7826041212E9}.Release|Any CPU.Build.0 = Release|Any CPU
		{864D5423-F0FC-4BE6-BBAB-C3C4CA42E5EB}.Debug|Any CPU.ActiveCfg = Debug|Any CPU
		{864D5423-F0FC-4BE6-BBAB-C3C4CA42E5EB}.Debug|Any CPU.Build.0 = Debug|Any CPU
		{864D5423-F0FC-4BE6-BBAB-C3C4CA42E5EB}.Release|Any CPU.ActiveCfg = Release|Any CPU
		{864D5423-F0FC-4BE6-BBAB-C3C4CA42E5EB}.Release|Any CPU.Build.0 = Release|Any CPU
		{FB52D785-76F8-4F8E-B755-CB6A137694C0}.Debug|Any CPU.ActiveCfg = Debug|Any CPU
		{FB52D785-76F8-4F8E-B755-CB6A137694C0}.Debug|Any CPU.Build.0 = Debug|Any CPU
		{FB52D785-76F8-4F8E-B755-CB6A137694C0}.Release|Any CPU.ActiveCfg = Release|Any CPU
		{FB52D785-76F8-4F8E-B755-CB6A137694C0}.Release|Any CPU.Build.0 = Release|Any CPU
		{CC283D17-741A-4E8C-B8D5-F5B65C94D808}.Debug|Any CPU.ActiveCfg = Debug|Any CPU
		{CC283D17-741A-4E8C-B8D5-F5B65C94D808}.Debug|Any CPU.Build.0 = Debug|Any CPU
		{CC283D17-741A-4E8C-B8D5-F5B65C94D808}.Release|Any CPU.ActiveCfg = Release|Any CPU
		{CC283D17-741A-4E8C-B8D5-F5B65C94D808}.Release|Any CPU.Build.0 = Release|Any CPU
		{DCD5ED88-0856-4BCE-B630-53A0E4BC00E5}.Debug|Any CPU.ActiveCfg = Debug|Any CPU
		{DCD5ED88-0856-4BCE-B630-53A0E4BC00E5}.Debug|Any CPU.Build.0 = Debug|Any CPU
		{DCD5ED88-0856-4BCE-B630-53A0E4BC00E5}.Release|Any CPU.ActiveCfg = Release|Any CPU
		{DCD5ED88-0856-4BCE-B630-53A0E4BC00E5}.Release|Any CPU.Build.0 = Release|Any CPU
		{D5BCCFD6-CCAD-43E4-9877-2A25D559D87D}.Debug|Any CPU.ActiveCfg = Debug|Any CPU
		{D5BCCFD6-CCAD-43E4-9877-2A25D559D87D}.Debug|Any CPU.Build.0 = Debug|Any CPU
		{D5BCCFD6-CCAD-43E4-9877-2A25D559D87D}.Release|Any CPU.ActiveCfg = Release|Any CPU
		{D5BCCFD6-CCAD-43E4-9877-2A25D559D87D}.Release|Any CPU.Build.0 = Release|Any CPU
		{90EA64F3-63A7-44AB-A348-DA1732228733}.Debug|Any CPU.ActiveCfg = Debug|Any CPU
		{90EA64F3-63A7-44AB-A348-DA1732228733}.Debug|Any CPU.Build.0 = Debug|Any CPU
		{90EA64F3-63A7-44AB-A348-DA1732228733}.Release|Any CPU.ActiveCfg = Release|Any CPU
		{90EA64F3-63A7-44AB-A348-DA1732228733}.Release|Any CPU.Build.0 = Release|Any CPU
	EndGlobalSection
	GlobalSection(SolutionProperties) = preSolution
		HideSolutionNode = FALSE
	EndGlobalSection
	GlobalSection(ExtensibilityGlobals) = postSolution
		SolutionGuid = {6911D4BD-9943-4489-959E-3399A2566046}
	EndGlobalSection
EndGlobal
